
Microsoft Visual Studio Solution File, Format Version 11.00
# Visual Studio 2010
Project("{FAE04EC0-301F-11D3-BF4B-00C04F79EFBC}") = "Assembly-CSharp", "Assembly-CSharp.csproj", "{747fd60f-9b08-a583-ab19-76fcefa0d064}"
EndProject
Project("{FAE04EC0-301F-11D3-BF4B-00C04F79EFBC}") = "Assembly-CSharp", "Assembly-CSharp.Player.csproj", "{b923d92b-0754-9c42-5064-30cbf388b088}"
EndProject
Global
	GlobalSection(SolutionConfigurationPlatforms) = preSolution
		Debug|Any CPU = Debug|Any CPU
	EndGlobalSection
	GlobalSection(ProjectConfigurationPlatforms) = postSolution
		{747fd60f-9b08-a583-ab19-76fcefa0d064}.Debug|Any CPU.ActiveCfg = Debug|Any CPU
		{747fd60f-9b08-a583-ab19-76fcefa0d064}.Debug|Any CPU.Build.0 = Debug|Any CPU
		{b923d92b-0754-9c42-5064-30cbf388b088}.Debug|Any CPU.ActiveCfg = Debug|Any CPU
		{b923d92b-0754-9c42-5064-30cbf388b088}.Debug|Any CPU.Build.0 = Debug|Any CPU
	EndGlobalSection
	GlobalSection(SolutionProperties) = preSolution
		HideSolutionNode = FALSE
	EndGlobalSection
EndGlobal
